
Microsoft Visual Studio Solution File, Format Version 11.00
# Visual Studio 2010
Project("{FAE04EC0-301F-11D3-BF4B-00C04F79EFBC}") = "Tests", "Tests\Tests.csproj", "{DA37508A-40BA-431D-B271-7C1653F59E16}"
EndProject
Project("{FAE04EC0-301F-11D3-BF4B-00C04F79EFBC}") = "ExpressionInterpreter", "ExpressionInterpreter\ExpressionInterpreter.csproj", "{0109AB50-5519-4322-B7AB-1E73DCDBDABC}"
EndProject
Project("{FAE04EC0-301F-11D3-BF4B-00C04F79EFBC}") = "ExpressionInterpreter.iOS", "ExpressionInterpreter\ExpressionInterpreter.iOS.csproj", "{3B6D3817-3016-4E79-9C03-16752CDF1FED}"
EndProject
Project("{FAE04EC0-301F-11D3-BF4B-00C04F79EFBC}") = "Tests.iOS", "Tests.iOS\Tests.iOS.csproj", "{52E57C6B-DD39-4906-AB21-487727CA9DD2}"
EndProject
Global
	GlobalSection(SolutionConfigurationPlatforms) = preSolution
		Debug|Any CPU = Debug|Any CPU
		Release|Any CPU = Release|Any CPU
		Debug|iPhoneSimulator = Debug|iPhoneSimulator
		Release|iPhoneSimulator = Release|iPhoneSimulator
		Debug|iPhone = Debug|iPhone
		Release|iPhone = Release|iPhone
		Ad-Hoc|iPhone = Ad-Hoc|iPhone
		AppStore|iPhone = AppStore|iPhone
	EndGlobalSection
	GlobalSection(ProjectConfigurationPlatforms) = postSolution
		{0109AB50-5519-4322-B7AB-1E73DCDBDABC}.Ad-Hoc|iPhone.ActiveCfg = Debug|Any CPU
		{0109AB50-5519-4322-B7AB-1E73DCDBDABC}.Ad-Hoc|iPhone.Build.0 = Debug|Any CPU
		{0109AB50-5519-4322-B7AB-1E73DCDBDABC}.AppStore|iPhone.ActiveCfg = Debug|Any CPU
		{0109AB50-5519-4322-B7AB-1E73DCDBDABC}.AppStore|iPhone.Build.0 = Debug|Any CPU
		{0109AB50-5519-4322-B7AB-1E73DCDBDABC}.Debug|Any CPU.ActiveCfg = Debug|Any CPU
		{0109AB50-5519-4322-B7AB-1E73DCDBDABC}.Debug|Any CPU.Build.0 = Debug|Any CPU
		{0109AB50-5519-4322-B7AB-1E73DCDBDABC}.Debug|iPhone.ActiveCfg = Debug|Any CPU
		{0109AB50-5519-4322-B7AB-1E73DCDBDABC}.Debug|iPhone.Build.0 = Debug|Any CPU
		{0109AB50-5519-4322-B7AB-1E73DCDBDABC}.Debug|iPhoneSimulator.ActiveCfg = Debug|Any CPU
		{0109AB50-5519-4322-B7AB-1E73DCDBDABC}.Debug|iPhoneSimulator.Build.0 = Debug|Any CPU
		{0109AB50-5519-4322-B7AB-1E73DCDBDABC}.Release|Any CPU.ActiveCfg = Release|Any CPU
		{0109AB50-5519-4322-B7AB-1E73DCDBDABC}.Release|Any CPU.Build.0 = Release|Any CPU
		{0109AB50-5519-4322-B7AB-1E73DCDBDABC}.Release|iPhone.ActiveCfg = Release|Any CPU
		{0109AB50-5519-4322-B7AB-1E73DCDBDABC}.Release|iPhone.Build.0 = Release|Any CPU
		{0109AB50-5519-4322-B7AB-1E73DCDBDABC}.Release|iPhoneSimulator.ActiveCfg = Release|Any CPU
		{0109AB50-5519-4322-B7AB-1E73DCDBDABC}.Release|iPhoneSimulator.Build.0 = Release|Any CPU
		{3B6D3817-3016-4E79-9C03-16752CDF1FED}.Ad-Hoc|iPhone.ActiveCfg = Debug|Any CPU
		{3B6D3817-3016-4E79-9C03-16752CDF1FED}.Ad-Hoc|iPhone.Build.0 = Debug|Any CPU
		{3B6D3817-3016-4E79-9C03-16752CDF1FED}.AppStore|iPhone.ActiveCfg = Debug|Any CPU
		{3B6D3817-3016-4E79-9C03-16752CDF1FED}.AppStore|iPhone.Build.0 = Debug|Any CPU
		{3B6D3817-3016-4E79-9C03-16752CDF1FED}.Debug|Any CPU.ActiveCfg = Debug|Any CPU
		{3B6D3817-3016-4E79-9C03-16752CDF1FED}.Debug|Any CPU.Build.0 = Debug|Any CPU
		{3B6D3817-3016-4E79-9C03-16752CDF1FED}.Debug|iPhone.ActiveCfg = Debug|Any CPU
		{3B6D3817-3016-4E79-9C03-16752CDF1FED}.Debug|iPhone.Build.0 = Debug|Any CPU
		{3B6D3817-3016-4E79-9C03-16752CDF1FED}.Debug|iPhoneSimulator.ActiveCfg = Debug|Any CPU
		{3B6D3817-3016-4E79-9C03-16752CDF1FED}.Debug|iPhoneSimulator.Build.0 = Debug|Any CPU
		{3B6D3817-3016-4E79-9C03-16752CDF1FED}.Release|Any CPU.ActiveCfg = Release|Any CPU
		{3B6D3817-3016-4E79-9C03-16752CDF1FED}.Release|Any CPU.Build.0 = Release|Any CPU
		{3B6D3817-3016-4E79-9C03-16752CDF1FED}.Release|iPhone.ActiveCfg = Release|Any CPU
		{3B6D3817-3016-4E79-9C03-16752CDF1FED}.Release|iPhone.Build.0 = Release|Any CPU
		{3B6D3817-3016-4E79-9C03-16752CDF1FED}.Release|iPhoneSimulator.ActiveCfg = Release|Any CPU
		{3B6D3817-3016-4E79-9C03-16752CDF1FED}.Release|iPhoneSimulator.Build.0 = Release|Any CPU
		{52E57C6B-DD39-4906-AB21-487727CA9DD2}.Ad-Hoc|iPhone.ActiveCfg = Ad-Hoc|iPhone
		{52E57C6B-DD39-4906-AB21-487727CA9DD2}.Ad-Hoc|iPhone.Build.0 = Ad-Hoc|iPhone
		{52E57C6B-DD39-4906-AB21-487727CA9DD2}.AppStore|iPhone.ActiveCfg = AppStore|iPhone
		{52E57C6B-DD39-4906-AB21-487727CA9DD2}.AppStore|iPhone.Build.0 = AppStore|iPhone
		{52E57C6B-DD39-4906-AB21-487727CA9DD2}.Debug|Any CPU.ActiveCfg = Debug|iPhoneSimulator
		{52E57C6B-DD39-4906-AB21-487727CA9DD2}.Debug|Any CPU.Build.0 = Debug|iPhoneSimulator
		{52E57C6B-DD39-4906-AB21-487727CA9DD2}.Debug|iPhone.ActiveCfg = Debug|iPhone
		{52E57C6B-DD39-4906-AB21-487727CA9DD2}.Debug|iPhone.Build.0 = Debug|iPhone
		{52E57C6B-DD39-4906-AB21-487727CA9DD2}.Debug|iPhoneSimulator.ActiveCfg = Debug|iPhoneSimulator
		{52E57C6B-DD39-4906-AB21-487727CA9DD2}.Debug|iPhoneSimulator.Build.0 = Debug|iPhoneSimulator
		{52E57C6B-DD39-4906-AB21-487727CA9DD2}.Release|Any CPU.ActiveCfg = Release|iPhoneSimulator
		{52E57C6B-DD39-4906-AB21-487727CA9DD2}.Release|Any CPU.Build.0 = Release|iPhoneSimulator
		{52E57C6B-DD39-4906-AB21-487727CA9DD2}.Release|iPhone.ActiveCfg = Release|iPhone
		{52E57C6B-DD39-4906-AB21-487727CA9DD2}.Release|iPhone.Build.0 = Release|iPhone
		{52E57C6B-DD39-4906-AB21-487727CA9DD2}.Release|iPhoneSimulator.ActiveCfg = Release|iPhoneSimulator
		{52E57C6B-DD39-4906-AB21-487727CA9DD2}.Release|iPhoneSimulator.Build.0 = Release|iPhoneSimulator
		{DA37508A-40BA-431D-B271-7C1653F59E16}.Ad-Hoc|iPhone.ActiveCfg = Debug|Any CPU
		{DA37508A-40BA-431D-B271-7C1653F59E16}.Ad-Hoc|iPhone.Build.0 = Debug|Any CPU
		{DA37508A-40BA-431D-B271-7C1653F59E16}.AppStore|iPhone.ActiveCfg = Debug|Any CPU
		{DA37508A-40BA-431D-B271-7C1653F59E16}.AppStore|iPhone.Build.0 = Debug|Any CPU
		{DA37508A-40BA-431D-B271-7C1653F59E16}.Debug|Any CPU.ActiveCfg = Debug|Any CPU
		{DA37508A-40BA-431D-B271-7C1653F59E16}.Debug|Any CPU.Build.0 = Debug|Any CPU
		{DA37508A-40BA-431D-B271-7C1653F59E16}.Debug|iPhone.ActiveCfg = Debug|Any CPU
		{DA37508A-40BA-431D-B271-7C1653F59E16}.Debug|iPhone.Build.0 = Debug|Any CPU
		{DA37508A-40BA-431D-B271-7C1653F59E16}.Debug|iPhoneSimulator.ActiveCfg = Debug|Any CPU
		{DA37508A-40BA-431D-B271-7C1653F59E16}.Debug|iPhoneSimulator.Build.0 = Debug|Any CPU
		{DA37508A-40BA-431D-B271-7C1653F59E16}.Release|Any CPU.ActiveCfg = Release|Any CPU
		{DA37508A-40BA-431D-B271-7C1653F59E16}.Release|Any CPU.Build.0 = Release|Any CPU
		{DA37508A-40BA-431D-B271-7C1653F59E16}.Release|iPhone.ActiveCfg = Release|Any CPU
		{DA37508A-40BA-431D-B271-7C1653F59E16}.Release|iPhone.Build.0 = Release|Any CPU
		{DA37508A-40BA-431D-B271-7C1653F59E16}.Release|iPhoneSimulator.ActiveCfg = Release|Any CPU
		{DA37508A-40BA-431D-B271-7C1653F59E16}.Release|iPhoneSimulator.Build.0 = Release|Any CPU
	EndGlobalSection
	GlobalSection(MonoDevelopProperties) = preSolution
		StartupItem = Tests.iOS\Tests.iOS.csproj
	EndGlobalSection
EndGlobal
